{
    "_meta": {
        "hash": {
            "sha256": "86b360365c1d87c3ec6127e588b05bee4901d772a2b0682962b3775f41a5dc19"
        },
        "pipfile-spec": 6,
        "requires": {
            "python_version": "3.10"
        },
        "sources": [
            {
                "name": "pypi",
                "url": "https://pypi.org/simple",
                "verify_ssl": true
            }
        ]
    },
    "default": {
        "anyascii": {
            "hashes": [
                "sha256:3b3beef6fc43d9036d3b0529050b0c48bfad8bc960e9e562d7223cfb94fe45d4",
                "sha256:9d5d32ef844fe225b8bc7cba7f950534fae4da27a9bf3a6bea2cb0ea46ce4730"
            ],
            "markers": "python_version >= '3.3'",
            "version": "==0.3.2"
        },
        "click": {
            "hashes": [
                "sha256:ae74fb96c20a0277a1d615f1e4d73c8414f5a98db8b799a7931d1582f3390c28",
                "sha256:ca9853ad459e787e2192211578cc907e7594e294c7ccc834310722b41b9ca6de"
            ],
            "markers": "python_version >= '3.7'",
            "version": "==8.1.7"
        },
        "emoji": {
            "hashes": [
                "sha256:4aa0488817691aa58d83764b6c209f8a27c0b3ab3f89d1b8dceca1a62e4973eb",
                "sha256:a00d62173bdadc2510967a381810101624a2f0986145b8da0cffa42e29430235"
            ],
            "markers": "python_version >= '3.7'",
            "version": "==2.12.1"
        },
        "etnltk": {
            "hashes": [
                "sha256:c19dbe624e48c91f15bc7b4e4cd343105ef31f34dc03a8e433ee4c152893e788",
                "sha256:c231a918631cb4c1a5cba76bc3b493d1afc84ba6a5092457c71f3fe8596c4ce9"
            ],
            "index": "pypi",
            "markers": "python_version >= '3.6'",
            "version": "==0.0.22"
        },
        "joblib": {
            "hashes": [
                "sha256:06d478d5674cbc267e7496a410ee875abd68e4340feff4490bcb7afb88060ae6",
                "sha256:2382c5816b2636fbd20a09e0f4e9dad4736765fdfb7dca582943b9c1366b3f0e"
            ],
            "markers": "python_version >= '3.8'",
            "version": "==1.4.2"
        },
        "nltk": {
            "hashes": [
                "sha256:1834da3d0682cba4f2cede2f9aad6b0fafb6461ba451db0efb6f9c39798d64d3",
                "sha256:fd5c9109f976fa86bcadba8f91e47f5e9293bd034474752e92a520f81c93dda5"
            ],
            "index": "pypi",
            "markers": "python_version >= '3.7'",
            "version": "==3.8.1"
        },
        "numpy": {
            "hashes": [
                "sha256:03a8c78d01d9781b28a6989f6fa1bb2c4f2d51201cf99d3dd875df6fbd96b23b",
                "sha256:08beddf13648eb95f8d867350f6a018a4be2e5ad54c8d8caed89ebca558b2818",
                "sha256:1af303d6b2210eb850fcf03064d364652b7120803a0b872f5211f5234b399f20",
                "sha256:1dda2e7b4ec9dd512f84935c5f126c8bd8b9f2fc001e9f54af255e8c5f16b0e0",
                "sha256:2a02aba9ed12e4ac4eb3ea9421c420301a0c6460d9830d74a9df87efa4912010",
                "sha256:2e4ee3380d6de9c9ec04745830fd9e2eccb3e6cf790d39d7b98ffd19b0dd754a",
                "sha256:3373d5d70a5fe74a2c1bb6d2cfd9609ecf686d47a2d7b1d37a8f3b6bf6003aea",
                "sha256:47711010ad8555514b434df65f7d7b076bb8261df1ca9bb78f53d3b2db02e95c",
                "sha256:4c66707fabe114439db9068ee468c26bbdf909cac0fb58686a42a24de1760c71",
                "sha256:50193e430acfc1346175fcbdaa28ffec49947a06918b7b92130744e81e640110",
                "sha256:52b8b60467cd7dd1e9ed082188b4e6bb35aa5cdd01777621a1658910745b90be",
                "sha256:60dedbb91afcbfdc9bc0b1f3f402804070deed7392c23eb7a7f07fa857868e8a",
                "sha256:62b8e4b1e28009ef2846b4c7852046736bab361f7aeadeb6a5b89ebec3c7055a",
                "sha256:666dbfb6ec68962c033a450943ded891bed2d54e6755e35e5835d63f4f6931d5",
                "sha256:675d61ffbfa78604709862923189bad94014bef562cc35cf61d3a07bba02a7ed",
                "sha256:679b0076f67ecc0138fd2ede3a8fd196dddc2ad3254069bcb9faf9a79b1cebcd",
                "sha256:7349ab0fa0c429c82442a27a9673fc802ffdb7c7775fad780226cb234965e53c",
                "sha256:7ab55401287bfec946ced39700c053796e7cc0e3acbef09993a9ad2adba6ca6e",
                "sha256:7e50d0a0cc3189f9cb0aeb3a6a6af18c16f59f004b866cd2be1c14b36134a4a0",
                "sha256:95a7476c59002f2f6c590b9b7b998306fba6a5aa646b1e22ddfeaf8f78c3a29c",
                "sha256:96ff0b2ad353d8f990b63294c8986f1ec3cb19d749234014f4e7eb0112ceba5a",
                "sha256:9fad7dcb1aac3c7f0584a5a8133e3a43eeb2fe127f47e3632d43d677c66c102b",
                "sha256:9ff0f4f29c51e2803569d7a51c2304de5554655a60c5d776e35b4a41413830d0",
                "sha256:a354325ee03388678242a4d7ebcd08b5c727033fcff3b2f536aea978e15ee9e6",
                "sha256:a4abb4f9001ad2858e7ac189089c42178fcce737e4169dc61321660f1a96c7d2",
                "sha256:ab47dbe5cc8210f55aa58e4805fe224dac469cde56b9f731a4c098b91917159a",
                "sha256:afedb719a9dcfc7eaf2287b839d8198e06dcd4cb5d276a3df279231138e83d30",
                "sha256:b3ce300f3644fb06443ee2222c2201dd3a89ea6040541412b8fa189341847218",
                "sha256:b97fe8060236edf3662adfc2c633f56a08ae30560c56310562cb4f95500022d5",
                "sha256:bfe25acf8b437eb2a8b2d49d443800a5f18508cd811fea3181723922a8a82b07",
                "sha256:cd25bcecc4974d09257ffcd1f098ee778f7834c3ad767fe5db785be9a4aa9cb2",
                "sha256:d209d8969599b27ad20994c8e41936ee0964e6da07478d6c35016bc386b66ad4",
                "sha256:d5241e0a80d808d70546c697135da2c613f30e28251ff8307eb72ba696945764",
                "sha256:edd8b5fe47dab091176d21bb6de568acdd906d1887a4584a15a9a96a1dca06ef",
                "sha256:f870204a840a60da0b12273ef34f7051e98c3b5961b61b0c2c1be6dfd64fbcd3",
                "sha256:ffa75af20b44f8dba823498024771d5ac50620e6915abac414251bd971b4529f"
            ],
            "markers": "python_version >= '3.9'",
            "version": "==1.26.4"
        },
        "pyahocorasick": {
            "hashes": [
                "sha256:05b7c2ef52da247efec6fb5a011113b7e943e961e22aaaf757cb9c15083440c9",
                "sha256:1f15529c83b8c6e0548d7d3c5631fefa23fba5190e67be49d6c9e24a6358ff9c",
                "sha256:23b183600e2087f16f6c5e6185d61525ad74335f2a5b693dd6d66bba2f6a4b05",
                "sha256:36491675a13fe4181a6b3bccfc9032a1a5d03bd3b0a151c06f8865c16ba44b42",
                "sha256:3795ac922d21fbfea40a6b3a330762e8b38ce8ba511b1eb15bf9eeb9303b2662",
                "sha256:4df4845c1149e9fa4aa33f0f0aa35f5a42957a43a3d6e447c9b44e679e2672ea",
                "sha256:4f8eba88fce34a1d8020638a4a8732c6241a5d85fe12be8669b7495d99d36b6a",
                "sha256:581e3d85043f1797543796f021e8d7d48c18e594529b72d86f70ea78abc88fff",
                "sha256:5ebe0d1e15afb782477e3d0aa1dce28ab9dad1200211fb785b9c1cc1208e6f04",
                "sha256:658d55e51c7588a5dba57de674241a16a3c94bf57f3bfd70022c4d7defe2b0f4",
                "sha256:6dedb9fed92705b742d6aa3d87abb1ec999f57310ef32b962f65f4e42182fe0a",
                "sha256:7034b26e145518610651339b8701568a3533a3114b00cf55f22bca80bff58e6d",
                "sha256:7454ba5fa528958ca9a1bc3143f8e980bd7817ea481f46495e6ffa89675ab93b",
                "sha256:82b0d20e82cc282fd29324e8df93809cebbffb345055214ce4b7873698df02c8",
                "sha256:8337af64c649223cff548c7204dda823e83622d63e5449bc51ae069efb2f240f",
                "sha256:895ab1ff5384ee5325c74cbacafc419e534f1f110b9fb3c544cc56832ecce082",
                "sha256:8c46288044c4f71392efb4f5da0cb8abd160787a8b027afc85079e9c3d7551eb",
                "sha256:8e92150849a3c13da37e37ca6374fa55960fd5c845029eca02d9b5846b26fe48",
                "sha256:a58c44c407a45155dc7a3253274b5fd78ab00b579bd5685059610867cdb37142",
                "sha256:a9f2728ac77bab807ba65c6ef41be30358ef0c9bb6960c9fe070d43f7024cb91",
                "sha256:bf4a4b19ac37e9a7087646b8bcc306acd7a91649355d59b866b756068e35d018",
                "sha256:c860ad9cb59e56c31aed8a5d1ee9d83a0151277b09198d027ffce213697716ed",
                "sha256:d6e0da0a8fc78c694778dced537c1bfb8b2f178ec92a82d81539d2e35a15cba0",
                "sha256:d8254d6333df5eb400ed3ec8b24da9e3f5da8e28b94a71392391703a7aac568d",
                "sha256:f209796e7d354734781dd883c333596e482c70136fa76a4cb169f383e6c40bca",
                "sha256:f44f96496aa773fc5bf302ddf968dd6b920fab34522f944392af8bde13cbe805"
            ],
            "markers": "python_version >= '3.8'",
            "version": "==2.1.0"
        },
        "regex": {
            "hashes": [
                "sha256:0721931ad5fe0dda45d07f9820b90b2148ccdd8e45bb9e9b42a146cb4f695649",
                "sha256:10002e86e6068d9e1c91eae8295ef690f02f913c57db120b58fdd35a6bb1af35",
                "sha256:10e4ce0dca9ae7a66e6089bb29355d4432caed736acae36fef0fdd7879f0b0cb",
                "sha256:119af6e56dce35e8dfb5222573b50c89e5508d94d55713c75126b753f834de68",
                "sha256:1337b7dbef9b2f71121cdbf1e97e40de33ff114801263b275aafd75303bd62b5",
                "sha256:13cdaf31bed30a1e1c2453ef6015aa0983e1366fad2667657dbcac7b02f67133",
                "sha256:1595f2d10dff3d805e054ebdc41c124753631b6a471b976963c7b28543cf13b0",
                "sha256:16093f563098448ff6b1fa68170e4acbef94e6b6a4e25e10eae8598bb1694b5d",
                "sha256:1878b8301ed011704aea4c806a3cadbd76f84dece1ec09cc9e4dc934cfa5d4da",
                "sha256:19068a6a79cf99a19ccefa44610491e9ca02c2be3305c7760d3831d38a467a6f",
                "sha256:19dfb1c504781a136a80ecd1fff9f16dddf5bb43cec6871778c8a907a085bb3d",
                "sha256:1b5269484f6126eee5e687785e83c6b60aad7663dafe842b34691157e5083e53",
                "sha256:1c1c174d6ec38d6c8a7504087358ce9213d4332f6293a94fbf5249992ba54efa",
                "sha256:2431b9e263af1953c55abbd3e2efca67ca80a3de8a0437cb58e2421f8184717a",
                "sha256:287eb7f54fc81546346207c533ad3c2c51a8d61075127d7f6d79aaf96cdee890",
                "sha256:2b4c884767504c0e2401babe8b5b7aea9148680d2e157fa28f01529d1f7fcf67",
                "sha256:35cb514e137cb3488bce23352af3e12fb0dbedd1ee6e60da053c69fb1b29cc6c",
                "sha256:391d7f7f1e409d192dba8bcd42d3e4cf9e598f3979cdaed6ab11288da88cb9f2",
                "sha256:3ad070b823ca5890cab606c940522d05d3d22395d432f4aaaf9d5b1653e47ced",
                "sha256:3cd7874d57f13bf70078f1ff02b8b0aa48d5b9ed25fc48547516c6aba36f5741",
                "sha256:3e507ff1e74373c4d3038195fdd2af30d297b4f0950eeda6f515ae3d84a1770f",
                "sha256:455705d34b4154a80ead722f4f185b04c4237e8e8e33f265cd0798d0e44825fa",
                "sha256:4a605586358893b483976cffc1723fb0f83e526e8f14c6e6614e75919d9862cf",
                "sha256:4babf07ad476aaf7830d77000874d7611704a7fcf68c9c2ad151f5d94ae4bfc4",
                "sha256:4eee78a04e6c67e8391edd4dad3279828dd66ac4b79570ec998e2155d2e59fd5",
                "sha256:5397de3219a8b08ae9540c48f602996aa6b0b65d5a61683e233af8605c42b0f2",
                "sha256:5b5467acbfc153847d5adb21e21e29847bcb5870e65c94c9206d20eb4e99a384",
                "sha256:5eaa7ddaf517aa095fa8da0b5015c44d03da83f5bd49c87961e3c997daed0de7",
                "sha256:632b01153e5248c134007209b5c6348a544ce96c46005d8456de1d552455b014",
                "sha256:64c65783e96e563103d641760664125e91bd85d8e49566ee560ded4da0d3e704",
                "sha256:64f18a9a3513a99c4bef0e3efd4c4a5b11228b48aa80743be822b71e132ae4f5",
                "sha256:673b5a6da4557b975c6c90198588181029c60793835ce02f497ea817ff647cb2",
                "sha256:68811ab14087b2f6e0fc0c2bae9ad689ea3584cad6917fc57be6a48bbd012c49",
                "sha256:6e8d717bca3a6e2064fc3a08df5cbe366369f4b052dcd21b7416e6d71620dca1",
                "sha256:71a455a3c584a88f654b64feccc1e25876066c4f5ef26cd6dd711308aa538694",
                "sha256:72d7a99cd6b8f958e85fc6ca5b37c4303294954eac1376535b03c2a43eb72629",
                "sha256:7b59138b219ffa8979013be7bc85bb60c6f7b7575df3d56dc1e403a438c7a3f6",
                "sha256:7dbe2467273b875ea2de38ded4eba86cbcbc9a1a6d0aa11dcf7bd2e67859c435",
                "sha256:833616ddc75ad595dee848ad984d067f2f31be645d603e4d158bba656bbf516c",
                "sha256:87e2a9c29e672fc65523fb47a90d429b70ef72b901b4e4b1bd42387caf0d6835",
                "sha256:8fe45aa3f4aa57faabbc9cb46a93363edd6197cbc43523daea044e9ff2fea83e",
                "sha256:9e717956dcfd656f5055cc70996ee2cc82ac5149517fc8e1b60261b907740201",
                "sha256:9efa1a32ad3a3ea112224897cdaeb6aa00381627f567179c0314f7b65d354c62",
                "sha256:9ff11639a8d98969c863d4617595eb5425fd12f7c5ef6621a4b74b71ed8726d5",
                "sha256:a094801d379ab20c2135529948cb84d417a2169b9bdceda2a36f5f10977ebc16",
                "sha256:a0981022dccabca811e8171f913de05720590c915b033b7e601f35ce4ea7019f",
                "sha256:a0bd000c6e266927cb7a1bc39d55be95c4b4f65c5be53e659537537e019232b1",
                "sha256:a32b96f15c8ab2e7d27655969a23895eb799de3665fa94349f3b2fbfd547236f",
                "sha256:a81e3cfbae20378d75185171587cbf756015ccb14840702944f014e0d93ea09f",
                "sha256:ac394ff680fc46b97487941f5e6ae49a9f30ea41c6c6804832063f14b2a5a145",
                "sha256:ada150c5adfa8fbcbf321c30c751dc67d2f12f15bd183ffe4ec7cde351d945b3",
                "sha256:b2b6f1b3bb6f640c1a92be3bbfbcb18657b125b99ecf141fb3310b5282c7d4ed",
                "sha256:b802512f3e1f480f41ab5f2cfc0e2f761f08a1f41092d6718868082fc0d27143",
                "sha256:ba68168daedb2c0bab7fd7e00ced5ba90aebf91024dea3c88ad5063c2a562cca",
                "sha256:bfc4f82cabe54f1e7f206fd3d30fda143f84a63fe7d64a81558d6e5f2e5aaba9",
                "sha256:c0c18345010870e58238790a6779a1219b4d97bd2e77e1140e8ee5d14df071aa",
                "sha256:c3bea0ba8b73b71b37ac833a7f3fd53825924165da6a924aec78c13032f20850",
                "sha256:c486b4106066d502495b3025a0a7251bf37ea9540433940a23419461ab9f2a80",
                "sha256:c49e15eac7c149f3670b3e27f1f28a2c1ddeccd3a2812cba953e01be2ab9b5fe",
                "sha256:c6a2b494a76983df8e3d3feea9b9ffdd558b247e60b92f877f93a1ff43d26656",
                "sha256:cab12877a9bdafde5500206d1020a584355a97884dfd388af3699e9137bf7388",
                "sha256:cac27dcaa821ca271855a32188aa61d12decb6fe45ffe3e722401fe61e323cd1",
                "sha256:cdd09d47c0b2efee9378679f8510ee6955d329424c659ab3c5e3a6edea696294",
                "sha256:cf2430df4148b08fb4324b848672514b1385ae3807651f3567871f130a728cc3",
                "sha256:d0a3d8d6acf0c78a1fff0e210d224b821081330b8524e3e2bc5a68ef6ab5803d",
                "sha256:d0c0c0003c10f54a591d220997dd27d953cd9ccc1a7294b40a4be5312be8797b",
                "sha256:d1f059a4d795e646e1c37665b9d06062c62d0e8cc3c511fe01315973a6542e40",
                "sha256:d347a741ea871c2e278fde6c48f85136c96b8659b632fb57a7d1ce1872547600",
                "sha256:d3ee02d9e5f482cc8309134a91eeaacbdd2261ba111b0fef3748eeb4913e6a2c",
                "sha256:d99ceffa25ac45d150e30bd9ed14ec6039f2aad0ffa6bb87a5936f5782fc1569",
                "sha256:e38a7d4e8f633a33b4c7350fbd8bad3b70bf81439ac67ac38916c4a86b465456",
                "sha256:e4682f5ba31f475d58884045c1a97a860a007d44938c4c0895f41d64481edbc9",
                "sha256:e5bb9425fe881d578aeca0b2b4b3d314ec88738706f66f219c194d67179337cb",
                "sha256:e64198f6b856d48192bf921421fdd8ad8eb35e179086e99e99f711957ffedd6e",
                "sha256:e6662686aeb633ad65be2a42b4cb00178b3fbf7b91878f9446075c404ada552f",
                "sha256:ec54d5afa89c19c6dd8541a133be51ee1017a38b412b1321ccb8d6ddbeb4cf7d",
                "sha256:f5b1dff3ad008dccf18e652283f5e5339d70bf8ba7c98bf848ac33db10f7bc7a",
                "sha256:f8ec0c2fea1e886a19c3bee0cd19d862b3aa75dcdfb42ebe8ed30708df64687a",
                "sha256:f9ebd0a36102fcad2f03696e8af4ae682793a5d30b46c647eaf280d6cfb32796"
            ],
            "markers": "python_version >= '3.8'",
            "version": "==2024.5.15"
        },
        "scipy": {
            "hashes": [
                "sha256:05f1432ba070e90d42d7fd836462c50bf98bd08bed0aa616c359eed8a04e3922",
                "sha256:09c74543c4fbeb67af6ce457f6a6a28e5d3739a87f62412e4a16e46f164f0ae5",
                "sha256:0fbcf8abaf5aa2dc8d6400566c1a727aed338b5fe880cde64907596a89d576fa",
                "sha256:109d391d720fcebf2fbe008621952b08e52907cf4c8c7efc7376822151820820",
                "sha256:1d2f7bb14c178f8b13ebae93f67e42b0a6b0fc50eba1cd8021c9b6e08e8fb1cd",
                "sha256:1e7626dfd91cdea5714f343ce1176b6c4745155d234f1033584154f60ef1ff42",
                "sha256:22789b56a999265431c417d462e5b7f2b487e831ca7bef5edeb56efe4c93f86e",
                "sha256:28e286bf9ac422d6beb559bc61312c348ca9b0f0dae0d7c5afde7f722d6ea13d",
                "sha256:33fde20efc380bd23a78a4d26d59fc8704e9b5fd9b08841693eb46716ba13d86",
                "sha256:45c08bec71d3546d606989ba6e7daa6f0992918171e2a6f7fbedfa7361c2de1e",
                "sha256:4dca18c3ffee287ddd3bc8f1dabaf45f5305c5afc9f8ab9cbfab855e70b2df5c",
                "sha256:5407708195cb38d70fd2d6bb04b1b9dd5c92297d86e9f9daae1576bd9e06f602",
                "sha256:58569af537ea29d3f78e5abd18398459f195546bb3be23d16677fb26616cc11e",
                "sha256:5e4a756355522eb60fcd61f8372ac2549073c8788f6114449b37e9e8104f15a5",
                "sha256:6bf9fe63e7a4bf01d3645b13ff2aa6dea023d38993f42aaac81a18b1bda7a82a",
                "sha256:8930ae3ea371d6b91c203b1032b9600d69c568e537b7988a3073dfe4d4774f21",
                "sha256:9ff7dad5d24a8045d836671e082a490848e8639cabb3dbdacb29f943a678683d",
                "sha256:a2f471de4d01200718b2b8927f7d76b5d9bde18047ea0fa8bd15c5ba3f26a1d6",
                "sha256:ac38c4c92951ac0f729c4c48c9e13eb3675d9986cc0c83943784d7390d540c78",
                "sha256:b2a3ff461ec4756b7e8e42e1c681077349a038f0686132d623fa404c0bee2551",
                "sha256:b5acd8e1dbd8dbe38d0004b1497019b2dbbc3d70691e65d69615f8a7292865d7",
                "sha256:b8434f6f3fa49f631fae84afee424e2483289dfc30a47755b4b4e6b07b2633a4",
                "sha256:ba419578ab343a4e0a77c0ef82f088238a93eef141b2b8017e46149776dfad4d",
                "sha256:d0de696f589681c2802f9090fff730c218f7c51ff49bf252b6a97ec4a5d19e8b",
                "sha256:dcbb9ea49b0167de4167c40eeee6e167caeef11effb0670b554d10b1e693a8b9"
            ],
            "index": "pypi",
            "markers": "python_version >= '3.9'",
            "version": "==1.13.0"
        },
        "textsearch": {
            "hashes": [
                "sha256:1bbc4cc36300fbf0bbaa865500f84e907c85f6a48faf37da6e098407b405ed09",
                "sha256:2d23b5c3116715b65bccc18bc870ecc236ec8480d48cd5f257cc60bf66bb241a"
            ],
            "version": "==0.0.24"
        },
        "tqdm": {
            "hashes": [
                "sha256:b75ca56b413b030bc3f00af51fd2c1a1a5eac6a0c1cca83cbb37a5c52abce644",
                "sha256:e4d936c9de8727928f3be6079590e97d9abfe8d39a590be678eb5919ffc186bb"
            ],
            "markers": "python_version >= '3.7'",
            "version": "==4.66.4"
        },
        "typing-extensions": {
            "hashes": [
                "sha256:83f085bd5ca59c80295fc2a82ab5dac679cbe02b9f33f7d83af68e241bea51b0",
                "sha256:c1f94d72897edaf4ce775bb7558d5b79d8126906a14ea5ed1635921406c0387a"
            ],
            "markers": "python_version >= '3.8'",
            "version": "==4.11.0"
        }
    },
    "develop": {}
}
